
Microsoft Visual Studio Solution File, Format Version 12.00
# Visual Studio Version 17
VisualStudioVersion = 17.14.36414.22 d17.14
MinimumVisualStudioVersion = 10.0.40219.1
Project("{FAE04EC0-301F-11D3-BF4B-00C04F79EFBC}") = "Ledon_ImageProcessing", "Ledon_ImageProcessing\Ledon_ImageProcessing.csproj", "{2FF495D7-1A25-4E09-B21D-034775E05ACA}"
EndProject
Global
	GlobalSection(SolutionConfigurationPlatforms) = preSolution
		Debug|Any CPU = Debug|Any CPU
		Release|Any CPU = Release|Any CPU
	EndGlobalSection
	GlobalSection(ProjectConfigurationPlatforms) = postSolution
		{2FF495D7-1A25-4E09-B21D-034775E05ACA}.Debug|Any CPU.ActiveCfg = Debug|Any CPU
		{2FF495D7-1A25-4E09-B21D-034775E05ACA}.Debug|Any CPU.Build.0 = Debug|Any CPU
		{2FF495D7-1A25-4E09-B21D-034775E05ACA}.Release|Any CPU.ActiveCfg = Release|Any CPU
		{2FF495D7-1A25-4E09-B21D-034775E05ACA}.Release|Any CPU.Build.0 = Release|Any CPU
	EndGlobalSection
	GlobalSection(SolutionProperties) = preSolution
		HideSolutionNode = FALSE
	EndGlobalSection
	GlobalSection(ExtensibilityGlobals) = postSolution
		SolutionGuid = {CE87DE29-A2C0-4A0F-8CD3-0EC2BE3BB425}
	EndGlobalSection
EndGlobal
